// !$*UTF8*$!
{
	archiveVersion = 1;
	classes = {
	};
	objectVersion = 46;
	objects = {

/* Begin PBXBuildFile section */
		5642701A1BCB3CCA00B0A2CE /* Assignment3Tests.swift in Sources */ = {isa = PBXBuildFile; fileRef = 564270191BCB3CCA00B0A2CE /* Assignment3Tests.swift */; };
		564270251BCB3CCA00B0A2CE /* Assignment3UITests.swift in Sources */ = {isa = PBXBuildFile; fileRef = 564270241BCB3CCA00B0A2CE /* Assignment3UITests.swift */; };
		564270351BCB3D2800B0A2CE /* AppDelegate.swift in Sources */ = {isa = PBXBuildFile; fileRef = 564270341BCB3D2800B0A2CE /* AppDelegate.swift */; };
		5642703E1BCB3D5100B0A2CE /* Assets.xcassets in Resources */ = {isa = PBXBuildFile; fileRef = 564270381BCB3D5100B0A2CE /* Assets.xcassets */; };
		5642703F1BCB3D5100B0A2CE /* LaunchScreen.storyboard in Resources */ = {isa = PBXBuildFile; fileRef = 564270391BCB3D5100B0A2CE /* LaunchScreen.storyboard */; };
		564270401BCB3D5100B0A2CE /* Main.storyboard in Resources */ = {isa = PBXBuildFile; fileRef = 5642703B1BCB3D5100B0A2CE /* Main.storyboard */; };
		FA37369C1D3B125300858F87 /* DetailViewController.swift in Sources */ = {isa = PBXBuildFile; fileRef = FA37369B1D3B125300858F87 /* DetailViewController.swift */; };
		FA37369E1D3B193D00858F87 /* MainViewController.swift in Sources */ = {isa = PBXBuildFile; fileRef = FA37369D1D3B193D00858F87 /* MainViewController.swift */; };
		FA3736A01D3B23B400858F87 /* ModalViewController.swift in Sources */ = {isa = PBXBuildFile; fileRef = FA37369F1D3B23B400858F87 /* ModalViewController.swift */; };
/* End PBXBuildFile section */

/* Begin PBXContainerItemProxy section */
		564270161BCB3CCA00B0A2CE /* PBXContainerItemProxy */ = {
			isa = PBXContainerItemProxy;
			containerPortal = 56426FF91BCB3CCA00B0A2CE /* Project object */;
			proxyType = 1;
			remoteGlobalIDString = 564270001BCB3CCA00B0A2CE;
			remoteInfo = Assignment3;
		};
		564270211BCB3CCA00B0A2CE /* PBXContainerItemProxy */ = {
			isa = PBXContainerItemProxy;
			containerPortal = 56426FF91BCB3CCA00B0A2CE /* Project object */;
			proxyType = 1;
			remoteGlobalIDString = 564270001BCB3CCA00B0A2CE;
			remoteInfo = Assignment3;
		};
/* End PBXContainerItemProxy section */

/* Begin PBXFileReference section */
		564270011BCB3CCA00B0A2CE /* Assignment3.app */ = {isa = PBXFileReference; explicitFileType = wrapper.application; includeInIndex = 0; path = Assignment3.app; sourceTree = BUILT_PRODUCTS_DIR; };
		564270151BCB3CCA00B0A2CE /* Assignment3Tests.xctest */ = {isa = PBXFileReference; explicitFileType = wrapper.cfbundle; includeInIndex = 0; path = Assignment3Tests.xctest; sourceTree = BUILT_PRODUCTS_DIR; };
		564270191BCB3CCA00B0A2CE /* Assignment3Tests.swift */ = {isa = PBXFileReference; lastKnownFileType = sourcecode.swift; path = Assignment3Tests.swift; sourceTree = "<group>"; };
		5642701B1BCB3CCA00B0A2CE /* Info.plist */ = {isa = PBXFileReference; lastKnownFileType = text.plist.xml; path = Info.plist; sourceTree = "<group>"; };
		564270201BCB3CCA00B0A2CE /* Assignment3UITests.xctest */ = {isa = PBXFileReference; explicitFileType = wrapper.cfbundle; includeInIndex = 0; path = Assignment3UITests.xctest; sourceTree = BUILT_PRODUCTS_DIR; };
		564270241BCB3CCA00B0A2CE /* Assignment3UITests.swift */ = {isa = PBXFileReference; lastKnownFileType = sourcecode.swift; path = Assignment3UITests.swift; sourceTree = "<group>"; };
		564270261BCB3CCA00B0A2CE /* Info.plist */ = {isa = PBXFileReference; lastKnownFileType = text.plist.xml; path = Info.plist; sourceTree = "<group>"; };
		564270341BCB3D2800B0A2CE /* AppDelegate.swift */ = {isa = PBXFileReference; fileEncoding = 4; lastKnownFileType = sourcecode.swift; path = AppDelegate.swift; sourceTree = "<group>"; };
		564270381BCB3D5100B0A2CE /* Assets.xcassets */ = {isa = PBXFileReference; lastKnownFileType = folder.assetcatalog; path = Assets.xcassets; sourceTree = "<group>"; };
		5642703A1BCB3D5100B0A2CE /* Base */ = {isa = PBXFileReference; lastKnownFileType = file.storyboard; name = Base; path = Base.lproj/LaunchScreen.storyboard; sourceTree = "<group>"; };
		5642703C1BCB3D5100B0A2CE /* Base */ = {isa = PBXFileReference; lastKnownFileType = file.storyboard; name = Base; path = Base.lproj/Main.storyboard; sourceTree = "<group>"; };
		5642703D1BCB3D5100B0A2CE /* Info.plist */ = {isa = PBXFileReference; fileEncoding = 4; lastKnownFileType = text.plist.xml; path = Info.plist; sourceTree = "<group>"; };
		FA37369B1D3B125300858F87 /* DetailViewController.swift */ = {isa = PBXFileReference; fileEncoding = 4; lastKnownFileType = sourcecode.swift; path = DetailViewController.swift; sourceTree = "<group>"; };
		FA37369D1D3B193D00858F87 /* MainViewController.swift */ = {isa = PBXFileReference; fileEncoding = 4; lastKnownFileType = sourcecode.swift; name = MainViewController.swift; path = Assignment3/Source/Controller/MainViewController.swift; sourceTree = SOURCE_ROOT; };
		FA37369F1D3B23B400858F87 /* ModalViewController.swift */ = {isa = PBXFileReference; fileEncoding = 4; lastKnownFileType = sourcecode.swift; path = ModalViewController.swift; sourceTree = "<group>"; };
/* End PBXFileReference section */

/* Begin PBXFrameworksBuildPhase section */
		56426FFE1BCB3CCA00B0A2CE /* Frameworks */ = {
			isa = PBXFrameworksBuildPhase;
			buildActionMask = 2147483647;
			files = (
			);
			runOnlyForDeploymentPostprocessing = 0;
		};
		564270121BCB3CCA00B0A2CE /* Frameworks */ = {
			isa = PBXFrameworksBuildPhase;
			buildActionMask = 2147483647;
			files = (
			);
			runOnlyForDeploymentPostprocessing = 0;
		};
		5642701D1BCB3CCA00B0A2CE /* Frameworks */ = {
			isa = PBXFrameworksBuildPhase;
			buildActionMask = 2147483647;
			files = (
			);
			runOnlyForDeploymentPostprocessing = 0;
		};
/* End PBXFrameworksBuildPhase section */

/* Begin PBXGroup section */
		56426FF81BCB3CCA00B0A2CE = {
			isa = PBXGroup;
			children = (
				564270031BCB3CCA00B0A2CE /* Assignment3 */,
				564270181BCB3CCA00B0A2CE /* Assignment3Tests */,
				564270231BCB3CCA00B0A2CE /* Assignment3UITests */,
				564270021BCB3CCA00B0A2CE /* Products */,
			);
			sourceTree = "<group>";
		};
		564270021BCB3CCA00B0A2CE /* Products */ = {
			isa = PBXGroup;
			children = (
				564270011BCB3CCA00B0A2CE /* Assignment3.app */,
				564270151BCB3CCA00B0A2CE /* Assignment3Tests.xctest */,
				564270201BCB3CCA00B0A2CE /* Assignment3UITests.xctest */,
			);
			name = Products;
			sourceTree = "<group>";
		};
		564270031BCB3CCA00B0A2CE /* Assignment3 */ = {
			isa = PBXGroup;
			children = (
				564270321BCB3D0100B0A2CE /* Source */,
				564270371BCB3D5100B0A2CE /* Resources */,
			);
			path = Assignment3;
			sourceTree = "<group>";
		};
		564270181BCB3CCA00B0A2CE /* Assignment3Tests */ = {
			isa = PBXGroup;
			children = (
				564270191BCB3CCA00B0A2CE /* Assignment3Tests.swift */,
				5642701B1BCB3CCA00B0A2CE /* Info.plist */,
			);
			path = Assignment3Tests;
			sourceTree = "<group>";
		};
		564270231BCB3CCA00B0A2CE /* Assignment3UITests */ = {
			isa = PBXGroup;
			children = (
				564270241BCB3CCA00B0A2CE /* Assignment3UITests.swift */,
				564270261BCB3CCA00B0A2CE /* Info.plist */,
			);
			path = Assignment3UITests;
			sourceTree = "<group>";
		};
		564270321BCB3D0100B0A2CE /* Source */ = {
			isa = PBXGroup;
			children = (
				564270331BCB3D2800B0A2CE /* Controller */,
			);
			path = Source;
			sourceTree = "<group>";
		};
		564270331BCB3D2800B0A2CE /* Controller */ = {
			isa = PBXGroup;
			children = (
				564270341BCB3D2800B0A2CE /* AppDelegate.swift */,
				FA37369D1D3B193D00858F87 /* MainViewController.swift */,
				FA37369B1D3B125300858F87 /* DetailViewController.swift */,
				FA37369F1D3B23B400858F87 /* ModalViewController.swift */,
			);
			path = Controller;
			sourceTree = "<group>";
		};
		564270371BCB3D5100B0A2CE /* Resources */ = {
			isa = PBXGroup;
			children = (
				564270381BCB3D5100B0A2CE /* Assets.xcassets */,
				564270391BCB3D5100B0A2CE /* LaunchScreen.storyboard */,
				5642703B1BCB3D5100B0A2CE /* Main.storyboard */,
				5642703D1BCB3D5100B0A2CE /* Info.plist */,
			);
			path = Resources;
			sourceTree = "<group>";
		};
/* End PBXGroup section */

/* Begin PBXNativeTarget section */
		564270001BCB3CCA00B0A2CE /* Assignment3 */ = {
			isa = PBXNativeTarget;
			buildConfigurationList = 564270291BCB3CCA00B0A2CE /* Build configuration list for PBXNativeTarget "Assignment3" */;
			buildPhases = (
				56426FFD1BCB3CCA00B0A2CE /* Sources */,
				56426FFE1BCB3CCA00B0A2CE /* Frameworks */,
				56426FFF1BCB3CCA00B0A2CE /* Resources */,
			);
			buildRules = (
			);
			dependencies = (
			);
			name = Assignment3;
			productName = Assignment3;
			productReference = 564270011BCB3CCA00B0A2CE /* Assignment3.app */;
			productType = "com.apple.product-type.application";
		};
		564270141BCB3CCA00B0A2CE /* Assignment3Tests */ = {
			isa = PBXNativeTarget;
			buildConfigurationList = 5642702C1BCB3CCA00B0A2CE /* Build configuration list for PBXNativeTarget "Assignment3Tests" */;
			buildPhases = (
				564270111BCB3CCA00B0A2CE /* Sources */,
				564270121BCB3CCA00B0A2CE /* Frameworks */,
				564270131BCB3CCA00B0A2CE /* Resources */,
			);
			buildRules = (
			);
			dependencies = (
				564270171BCB3CCA00B0A2CE /* PBXTargetDependency */,
			);
			name = Assignment3Tests;
			productName = Assignment3Tests;
			productReference = 564270151BCB3CCA00B0A2CE /* Assignment3Tests.xctest */;
			productType = "com.apple.product-type.bundle.unit-test";
		};
		5642701F1BCB3CCA00B0A2CE /* Assignment3UITests */ = {
			isa = PBXNativeTarget;
			buildConfigurationList = 5642702F1BCB3CCA00B0A2CE /* Build configuration list for PBXNativeTarget "Assignment3UITests" */;
			buildPhases = (
				5642701C1BCB3CCA00B0A2CE /* Sources */,
				5642701D1BCB3CCA00B0A2CE /* Frameworks */,
				5642701E1BCB3CCA00B0A2CE /* Resources */,
			);
			buildRules = (
			);
			dependencies = (
				564270221BCB3CCA00B0A2CE /* PBXTargetDependency */,
			);
			name = Assignment3UITests;
			productName = Assignment3UITests;
			productReference = 564270201BCB3CCA00B0A2CE /* Assignment3UITests.xctest */;
			productType = "com.apple.product-type.bundle.ui-testing";
		};
/* End PBXNativeTarget section */

/* Begin PBXProject section */
		56426FF91BCB3CCA00B0A2CE /* Project object */ = {
			isa = PBXProject;
			attributes = {
				LastUpgradeCheck = 0700;
				ORGANIZATIONNAME = "CIS 410";
				TargetAttributes = {
					564270001BCB3CCA00B0A2CE = {
						CreatedOnToolsVersion = 7.0.1;
					};
					564270141BCB3CCA00B0A2CE = {
						CreatedOnToolsVersion = 7.0.1;
						TestTargetID = 564270001BCB3CCA00B0A2CE;
					};
					5642701F1BCB3CCA00B0A2CE = {
						CreatedOnToolsVersion = 7.0.1;
						TestTargetID = 564270001BCB3CCA00B0A2CE;
					};
				};
			};
			buildConfigurationList = 56426FFC1BCB3CCA00B0A2CE /* Build configuration list for PBXProject "Assignment3" */;
			compatibilityVersion = "Xcode 3.2";
			developmentRegion = English;
			hasScannedForEncodings = 0;
			knownRegions = (
				en,
				Base,
			);
			mainGroup = 56426FF81BCB3CCA00B0A2CE;
			productRefGroup = 564270021BCB3CCA00B0A2CE /* Products */;
			projectDirPath = "";
			projectRoot = "";
			targets = (
				564270001BCB3CCA00B0A2CE /* Assignment3 */,
				564270141BCB3CCA00B0A2CE /* Assignment3Tests */,
				5642701F1BCB3CCA00B0A2CE /* Assignment3UITests */,
			);
		};
/* End PBXProject section */

/* Begin PBXResourcesBuildPhase section */
		56426FFF1BCB3CCA00B0A2CE /* Resources */ = {
			isa = PBXResourcesBuildPhase;
			buildActionMask = 2147483647;
			files = (
				5642703E1BCB3D5100B0A2CE /* Assets.xcassets in Resources */,
				564270401BCB3D5100B0A2CE /* Main.storyboard in Resources */,
				5642703F1BCB3D5100B0A2CE /* LaunchScreen.storyboard in Resources */,
			);
			runOnlyForDeploymentPostprocessing = 0;
		};
		564270131BCB3CCA00B0A2CE /* Resources */ = {
			isa = PBXResourcesBuildPhase;
			buildActionMask = 2147483647;
			files = (
			);
			runOnlyForDeploymentPostprocessing = 0;
		};
		5642701E1BCB3CCA00B0A2CE /* Resources */ = {
			isa = PBXResourcesBuildPhase;
			buildActionMask = 2147483647;
			files = (
			);
			runOnlyForDeploymentPostprocessing = 0;
		};
/* End PBXResourcesBuildPhase section */

/* Begin PBXSourcesBuildPhase section */
		56426FFD1BCB3CCA00B0A2CE /* Sources */ = {
			isa = PBXSourcesBuildPhase;
			buildActionMask = 2147483647;
			files = (
				FA3736A01D3B23B400858F87 /* ModalViewController.swift in Sources */,
				564270351BCB3D2800B0A2CE /* AppDelegate.swift in Sources */,
				FA37369E1D3B193D00858F87 /* MainViewController.swift in Sources */,
				FA37369C1D3B125300858F87 /* DetailViewController.swift in Sources */,
			);
			runOnlyForDeploymentPostprocessing = 0;
		};
		564270111BCB3CCA00B0A2CE /* Sources */ = {
			isa = PBXSourcesBuildPhase;
			buildActionMask = 2147483647;
			files = (
				5642701A1BCB3CCA00B0A2CE /* Assignment3Tests.swift in Sources */,
			);
			runOnlyForDeploymentPostprocessing = 0;
		};
		5642701C1BCB3CCA00B0A2CE /* Sources */ = {
			isa = PBXSourcesBuildPhase;
			buildActionMask = 2147483647;
			files = (
				564270251BCB3CCA00B0A2CE /* Assignment3UITests.swift in Sources */,
			);
			runOnlyForDeploymentPostprocessing = 0;
		};
/* End PBXSourcesBuildPhase section */

/* Begin PBXTargetDependency section */
		564270171BCB3CCA00B0A2CE /* PBXTargetDependency */ = {
			isa = PBXTargetDependency;
			target = 564270001BCB3CCA00B0A2CE /* Assignment3 */;
			targetProxy = 564270161BCB3CCA00B0A2CE /* PBXContainerItemProxy */;
		};
		564270221BCB3CCA00B0A2CE /* PBXTargetDependency */ = {
			isa = PBXTargetDependency;
			target = 564270001BCB3CCA00B0A2CE /* Assignment3 */;
			targetProxy = 564270211BCB3CCA00B0A2CE /* PBXContainerItemProxy */;
		};
/* End PBXTargetDependency section */

/* Begin PBXVariantGroup section */
		564270391BCB3D5100B0A2CE /* LaunchScreen.storyboard */ = {
			isa = PBXVariantGroup;
			children = (
				5642703A1BCB3D5100B0A2CE /* Base */,
			);
			name = LaunchScreen.storyboard;
			sourceTree = "<group>";
		};
		5642703B1BCB3D5100B0A2CE /* Main.storyboard */ = {
			isa = PBXVariantGroup;
			children = (
				5642703C1BCB3D5100B0A2CE /* Base */,
			);
			name = Main.storyboard;
			sourceTree = "<group>";
		};
/* End PBXVariantGroup section */

/* Begin XCBuildConfiguration section */
		564270271BCB3CCA00B0A2CE /* Debug */ = {
			isa = XCBuildConfiguration;
			buildSettings = {
				ALWAYS_SEARCH_USER_PATHS = NO;
				CLANG_CXX_LANGUAGE_STANDARD = "gnu++0x";
				CLANG_CXX_LIBRARY = "libc++";
				CLANG_ENABLE_MODULES = YES;
				CLANG_ENABLE_OBJC_ARC = YES;
				CLANG_WARN_BOOL_CONVERSION = YES;
				CLANG_WARN_CONSTANT_CONVERSION = YES;
				CLANG_WARN_DIRECT_OBJC_ISA_USAGE = YES_ERROR;
				CLANG_WARN_EMPTY_BODY = YES;
				CLANG_WARN_ENUM_CONVERSION = YES;
				CLANG_WARN_INT_CONVERSION = YES;
				CLANG_WARN_OBJC_ROOT_CLASS = YES_ERROR;
				CLANG_WARN_UNREACHABLE_CODE = YES;
				CLANG_WARN__DUPLICATE_METHOD_MATCH = YES;
				"CODE_SIGN_IDENTITY[sdk=iphoneos*]" = "iPhone Developer";
				COPY_PHASE_STRIP = NO;
				DEBUG_INFORMATION_FORMAT = dwarf;
				ENABLE_STRICT_OBJC_MSGSEND = YES;
				ENABLE_TESTABILITY = YES;
				GCC_C_LANGUAGE_STANDARD = gnu99;
				GCC_DYNAMIC_NO_PIC = NO;
				GCC_NO_COMMON_BLOCKS = YES;
				GCC_OPTIMIZATION_LEVEL = 0;
				GCC_PREPROCESSOR_DEFINITIONS = (
					"DEBUG=1",
					"$(inherited)",
				);
				GCC_WARN_64_TO_32_BIT_CONVERSION = YES;
				GCC_WARN_ABOUT_RETURN_TYPE = YES_ERROR;
				GCC_WARN_UNDECLARED_SELECTOR = YES;
				GCC_WARN_UNINITIALIZED_AUTOS = YES_AGGRESSIVE;
				GCC_WARN_UNUSED_FUNCTION = YES;
				GCC_WARN_UNUSED_VARIABLE = YES;
				IPHONEOS_DEPLOYMENT_TARGET = 9.0;
				MTL_ENABLE_DEBUG_INFO = YES;
				ONLY_ACTIVE_ARCH = YES;
				SDKROOT = iphoneos;
				SWIFT_OPTIMIZATION_LEVEL = "-Onone";
				TARGETED_DEVICE_FAMILY = "1,2";
			};
			name = Debug;
		};
		564270281BCB3CCA00B0A2CE /* Release */ = {
			isa = XCBuildConfiguration;
			buildSettings = {
				ALWAYS_SEARCH_USER_PATHS = NO;
				CLANG_CXX_LANGUAGE_STANDARD = "gnu++0x";
				CLANG_CXX_LIBRARY = "libc++";
				CLANG_ENABLE_MODULES = YES;
				CLANG_ENABLE_OBJC_ARC = YES;
				CLANG_WARN_BOOL_CONVERSION = YES;
				CLANG_WARN_CONSTANT_CONVERSION = YES;
				CLANG_WARN_DIRECT_OBJC_ISA_USAGE = YES_ERROR;
				CLANG_WARN_EMPTY_BODY = YES;
				CLANG_WARN_ENUM_CONVERSION = YES;
				CLANG_WARN_INT_CONVERSION = YES;
				CLANG_WARN_OBJC_ROOT_CLASS = YES_ERROR;
				CLANG_WARN_UNREACHABLE_CODE = YES;
				CLANG_WARN__DUPLICATE_METHOD_MATCH = YES;
				"CODE_SIGN_IDENTITY[sdk=iphoneos*]" = "iPhone Developer";
				COPY_PHASE_STRIP = NO;
				DEBUG_INFORMATION_FORMAT = "dwarf-with-dsym";
				ENABLE_NS_ASSERTIONS = NO;
				ENABLE_STRICT_OBJC_MSGSEND = YES;
				GCC_C_LANGUAGE_STANDARD = gnu99;
				GCC_NO_COMMON_BLOCKS = YES;
				GCC_WARN_64_TO_32_BIT_CONVERSION = YES;
				GCC_WARN_ABOUT_RETURN_TYPE = YES_ERROR;
				GCC_WARN_UNDECLARED_SELECTOR = YES;
				GCC_WARN_UNINITIALIZED_AUTOS = YES_AGGRESSIVE;
				GCC_WARN_UNUSED_FUNCTION = YES;
				GCC_WARN_UNUSED_VARIABLE = YES;
				IPHONEOS_DEPLOYMENT_TARGET = 9.0;
				MTL_ENABLE_DEBUG_INFO = NO;
				SDKROOT = iphoneos;
				TARGETED_DEVICE_FAMILY = "1,2";
				VALIDATE_PRODUCT = YES;
			};
			name = Release;
		};
		5642702A1BCB3CCA00B0A2CE /* Debug */ = {
			isa = XCBuildConfiguration;
			buildSettings = {
				ASSETCATALOG_COMPILER_APPICON_NAME = AppIcon;
				INFOPLIST_FILE = Assignment3/Resources/Info.plist;
				LD_RUNPATH_SEARCH_PATHS = "$(inherited) @executable_path/Frameworks";
				PRODUCT_BUNDLE_IDENTIFIER = edu.cis410.Assignment3;
				PRODUCT_NAME = "$(TARGET_NAME)";
			};
			name = Debug;
		};
		5642702B1BCB3CCA00B0A2CE /* Release */ = {
			isa = XCBuildConfiguration;
			buildSettings = {
				ASSETCATALOG_COMPILER_APPICON_NAME = AppIcon;
				INFOPLIST_FILE = Assignment3/Resources/Info.plist;
				LD_RUNPATH_SEARCH_PATHS = "$(inherited) @executable_path/Frameworks";
				PRODUCT_BUNDLE_IDENTIFIER = edu.cis410.Assignment3;
				PRODUCT_NAME = "$(TARGET_NAME)";
			};
			name = Release;
		};
		5642702D1BCB3CCA00B0A2CE /* Debug */ = {
			isa = XCBuildConfiguration;
			buildSettings = {
				BUNDLE_LOADER = "$(TEST_HOST)";
				INFOPLIST_FILE = Assignment3Tests/Info.plist;
				LD_RUNPATH_SEARCH_PATHS = "$(inherited) @executable_path/Frameworks @loader_path/Frameworks";
				PRODUCT_BUNDLE_IDENTIFIER = edu.cis410.Assignment3Tests;
				PRODUCT_NAME = "$(TARGET_NAME)";
				TEST_HOST = "$(BUILT_PRODUCTS_DIR)/Assignment3.app/Assignment3";
			};
			name = Debug;
		};
		5642702E1BCB3CCA00B0A2CE /* Release */ = {
			isa = XCBuildConfiguration;
			buildSettings = {
				BUNDLE_LOADER = "$(TEST_HOST)";
				INFOPLIST_FILE = Assignment3Tests/Info.plist;
				LD_RUNPATH_SEARCH_PATHS = "$(inherited) @executable_path/Frameworks @loader_path/Frameworks";
				PRODUCT_BUNDLE_IDENTIFIER = edu.cis410.Assignment3Tests;
				PRODUCT_NAME = "$(TARGET_NAME)";
				TEST_HOST = "$(BUILT_PRODUCTS_DIR)/Assignment3.app/Assignment3";
			};
			name = Release;
		};
		564270301BCB3CCA00B0A2CE /* Debug */ = {
			isa = XCBuildConfiguration;
			buildSettings = {
				INFOPLIST_FILE = Assignment3UITests/Info.plist;
				LD_RUNPATH_SEARCH_PATHS = "$(inherited) @executable_path/Frameworks @loader_path/Frameworks";
				PRODUCT_BUNDLE_IDENTIFIER = edu.cis410.Assignment3UITests;
				PRODUCT_NAME = "$(TARGET_NAME)";
				TEST_TARGET_NAME = Assignment3;
				USES_XCTRUNNER = YES;
			};
			name = Debug;
		};
		564270311BCB3CCA00B0A2CE /* Release */ = {
			isa = XCBuildConfiguration;
			buildSettings = {
				INFOPLIST_FILE = Assignment3UITests/Info.plist;
				LD_RUNPATH_SEARCH_PATHS = "$(inherited) @executable_path/Frameworks @loader_path/Frameworks";
				PRODUCT_BUNDLE_IDENTIFIER = edu.cis410.Assignment3UITests;
				PRODUCT_NAME = "$(TARGET_NAME)";
				TEST_TARGET_NAME = Assignment3;
				USES_XCTRUNNER = YES;
			};
			name = Release;
		};
/* End XCBuildConfiguration section */

/* Begin XCConfigurationList section */
		56426FFC1BCB3CCA00B0A2CE /* Build configuration list for PBXProject "Assignment3" */ = {
			isa = XCConfigurationList;
			buildConfigurations = (
				564270271BCB3CCA00B0A2CE /* Debug */,
				564270281BCB3CCA00B0A2CE /* Release */,
			);
			defaultConfigurationIsVisible = 0;
			defaultConfigurationName = Release;
		};
		564270291BCB3CCA00B0A2CE /* Build configuration list for PBXNativeTarget "Assignment3" */ = {
			isa = XCConfigurationList;
			buildConfigurations = (
				5642702A1BCB3CCA00B0A2CE /* Debug */,
				5642702B1BCB3CCA00B0A2CE /* Release */,
			);
			defaultConfigurationIsVisible = 0;
			defaultConfigurationName = Release;
		};
		5642702C1BCB3CCA00B0A2CE /* Build configuration list for PBXNativeTarget "Assignment3Tests" */ = {
			isa = XCConfigurationList;
			buildConfigurations = (
				5642702D1BCB3CCA00B0A2CE /* Debug */,
				5642702E1BCB3CCA00B0A2CE /* Release */,
			);
			defaultConfigurationIsVisible = 0;
			defaultConfigurationName = Release;
		};
		5642702F1BCB3CCA00B0A2CE /* Build configuration list for PBXNativeTarget "Assignment3UITests" */ = {
			isa = XCConfigurationList;
			buildConfigurations = (
				564270301BCB3CCA00B0A2CE /* Debug */,
				564270311BCB3CCA00B0A2CE /* Release */,
			);
			defaultConfigurationIsVisible = 0;
			defaultConfigurationName = Release;
		};
/* End XCConfigurationList section */
	};
	rootObject = 56426FF91BCB3CCA00B0A2CE /* Project object */;
}
