// !$*UTF8*$!
{
	archiveVersion = 1;
	classes = {
	};
	objectVersion = 46;
	objects = {

/* Begin PBXBuildFile section */
		562CB0291BD5E46C007A915E /* CatData.plist in Resources */ = {isa = PBXBuildFile; fileRef = 562CB0281BD5E46C007A915E /* CatData.plist */; };
		562CB03D1BD5F336007A915E /* Assignment4Tests.swift in Sources */ = {isa = PBXBuildFile; fileRef = 562CB03B1BD5F336007A915E /* Assignment4Tests.swift */; };
		562CB0431BD5F362007A915E /* Assignment4UITests.swift in Sources */ = {isa = PBXBuildFile; fileRef = 562CB0411BD5F362007A915E /* Assignment4UITests.swift */; };
		562CB0501BD5F3C9007A915E /* CoreDataService.framework in Frameworks */ = {isa = PBXBuildFile; fileRef = 562CB0491BD5F3C8007A915E /* CoreDataService.framework */; };
		562CB0511BD5F3C9007A915E /* CoreDataService.framework in Embed Frameworks */ = {isa = PBXBuildFile; fileRef = 562CB0491BD5F3C8007A915E /* CoreDataService.framework */; settings = {ATTRIBUTES = (CodeSignOnCopy, RemoveHeadersOnCopy, ); }; };
		562CB0641BD5F3FA007A915E /* CoreDataService.h in Headers */ = {isa = PBXBuildFile; fileRef = 562CB0591BD5F3FA007A915E /* CoreDataService.h */; settings = {ATTRIBUTES = (Public, ); }; };
		562CB0651BD5F3FA007A915E /* CoreDataService.swift in Sources */ = {isa = PBXBuildFile; fileRef = 562CB05A1BD5F3FA007A915E /* CoreDataService.swift */; };
		562CB0661BD5F3FA007A915E /* NSEntityDescription_Service.swift in Sources */ = {isa = PBXBuildFile; fileRef = 562CB05C1BD5F3FA007A915E /* NSEntityDescription_Service.swift */; };
		562CB0671BD5F3FA007A915E /* NSFetchRequest_Service.swift in Sources */ = {isa = PBXBuildFile; fileRef = 562CB05D1BD5F3FA007A915E /* NSFetchRequest_Service.swift */; };
		562CB06B1BD5F3FA007A915E /* NamedEntity.swift in Sources */ = {isa = PBXBuildFile; fileRef = 562CB0621BD5F3FA007A915E /* NamedEntity.swift */; };
		562CB06E1BD5F8AF007A915E /* Model.xcdatamodeld in Sources */ = {isa = PBXBuildFile; fileRef = 562CB06C1BD5F8AF007A915E /* Model.xcdatamodeld */; };
		56EFD0C41B4FA3110069DB35 /* AppDelegate.swift in Sources */ = {isa = PBXBuildFile; fileRef = 56EFD0C31B4FA3110069DB35 /* AppDelegate.swift */; };
		56EFD0C91B4FA3110069DB35 /* Main.storyboard in Resources */ = {isa = PBXBuildFile; fileRef = 56EFD0C71B4FA3110069DB35 /* Main.storyboard */; };
		56EFD0CB1B4FA3110069DB35 /* Images.xcassets in Resources */ = {isa = PBXBuildFile; fileRef = 56EFD0CA1B4FA3110069DB35 /* Images.xcassets */; };
		56EFD0CE1B4FA3110069DB35 /* LaunchScreen.xib in Resources */ = {isa = PBXBuildFile; fileRef = 56EFD0CC1B4FA3110069DB35 /* LaunchScreen.xib */; };
		56EFD0EA1B4FA4450069DB35 /* CatService.swift in Sources */ = {isa = PBXBuildFile; fileRef = 56EFD0E91B4FA4450069DB35 /* CatService.swift */; };
		56EFD0F11B4FB56F0069DB35 /* UITableView_KeyboardNotification.swift in Sources */ = {isa = PBXBuildFile; fileRef = 56EFD0F01B4FB56F0069DB35 /* UITableView_KeyboardNotification.swift */; };
		FA216E911D478A9300216DC1 /* Category+CoreDataProperties.swift in Sources */ = {isa = PBXBuildFile; fileRef = FA216E8D1D478A9300216DC1 /* Category+CoreDataProperties.swift */; };
		FA216E921D478A9300216DC1 /* Category.swift in Sources */ = {isa = PBXBuildFile; fileRef = FA216E8E1D478A9300216DC1 /* Category.swift */; };
		FA216E931D478A9300216DC1 /* Image+CoreDataProperties.swift in Sources */ = {isa = PBXBuildFile; fileRef = FA216E8F1D478A9300216DC1 /* Image+CoreDataProperties.swift */; };
		FA216E941D478A9300216DC1 /* Image.swift in Sources */ = {isa = PBXBuildFile; fileRef = FA216E901D478A9300216DC1 /* Image.swift */; };
		FABF24171D45A841001E1A84 /* CategoryListViewController.swift in Sources */ = {isa = PBXBuildFile; fileRef = FABF24161D45A841001E1A84 /* CategoryListViewController.swift */; };
		FABF24191D461711001E1A84 /* CatImageViewController.swift in Sources */ = {isa = PBXBuildFile; fileRef = FABF24181D461711001E1A84 /* CatImageViewController.swift */; };
		FABF241D1D4653D2001E1A84 /* CollectionViewCell.swift in Sources */ = {isa = PBXBuildFile; fileRef = FABF241C1D4653D2001E1A84 /* CollectionViewCell.swift */; };
/* End PBXBuildFile section */

/* Begin PBXContainerItemProxy section */
		562CB0331BD5F314007A915E /* PBXContainerItemProxy */ = {
			isa = PBXContainerItemProxy;
			containerPortal = 56EFD0B61B4FA3110069DB35 /* Project object */;
			proxyType = 1;
			remoteGlobalIDString = 56EFD0BD1B4FA3110069DB35;
			remoteInfo = Assignment4;
		};
		562CB04E1BD5F3C9007A915E /* PBXContainerItemProxy */ = {
			isa = PBXContainerItemProxy;
			containerPortal = 56EFD0B61B4FA3110069DB35 /* Project object */;
			proxyType = 1;
			remoteGlobalIDString = 562CB0481BD5F3C8007A915E;
			remoteInfo = CoreDataService;
		};
		56EFD0D41B4FA3120069DB35 /* PBXContainerItemProxy */ = {
			isa = PBXContainerItemProxy;
			containerPortal = 56EFD0B61B4FA3110069DB35 /* Project object */;
			proxyType = 1;
			remoteGlobalIDString = 56EFD0BD1B4FA3110069DB35;
			remoteInfo = Assignment3;
		};
/* End PBXContainerItemProxy section */

/* Begin PBXCopyFilesBuildPhase section */
		562CB0551BD5F3C9007A915E /* Embed Frameworks */ = {
			isa = PBXCopyFilesBuildPhase;
			buildActionMask = 2147483647;
			dstPath = "";
			dstSubfolderSpec = 10;
			files = (
				562CB0511BD5F3C9007A915E /* CoreDataService.framework in Embed Frameworks */,
			);
			name = "Embed Frameworks";
			runOnlyForDeploymentPostprocessing = 0;
		};
/* End PBXCopyFilesBuildPhase section */

/* Begin PBXFileReference section */
		562CB0281BD5E46C007A915E /* CatData.plist */ = {isa = PBXFileReference; fileEncoding = 4; lastKnownFileType = text.plist.xml; path = CatData.plist; sourceTree = "<group>"; };
		562CB02E1BD5F313007A915E /* Assignment4UITests.xctest */ = {isa = PBXFileReference; explicitFileType = wrapper.cfbundle; includeInIndex = 0; path = Assignment4UITests.xctest; sourceTree = BUILT_PRODUCTS_DIR; };
		562CB0391BD5F336007A915E /* Info.plist */ = {isa = PBXFileReference; fileEncoding = 4; lastKnownFileType = text.plist.xml; path = Info.plist; sourceTree = "<group>"; };
		562CB03B1BD5F336007A915E /* Assignment4Tests.swift */ = {isa = PBXFileReference; fileEncoding = 4; lastKnownFileType = sourcecode.swift; path = Assignment4Tests.swift; sourceTree = "<group>"; };
		562CB03F1BD5F362007A915E /* Info.plist */ = {isa = PBXFileReference; fileEncoding = 4; lastKnownFileType = text.plist.xml; path = Info.plist; sourceTree = "<group>"; };
		562CB0411BD5F362007A915E /* Assignment4UITests.swift */ = {isa = PBXFileReference; fileEncoding = 4; lastKnownFileType = sourcecode.swift; path = Assignment4UITests.swift; sourceTree = "<group>"; };
		562CB0491BD5F3C8007A915E /* CoreDataService.framework */ = {isa = PBXFileReference; explicitFileType = wrapper.framework; includeInIndex = 0; path = CoreDataService.framework; sourceTree = BUILT_PRODUCTS_DIR; };
		562CB0571BD5F3FA007A915E /* Info.plist */ = {isa = PBXFileReference; fileEncoding = 4; lastKnownFileType = text.plist.xml; path = Info.plist; sourceTree = "<group>"; };
		562CB0591BD5F3FA007A915E /* CoreDataService.h */ = {isa = PBXFileReference; fileEncoding = 4; lastKnownFileType = sourcecode.c.h; path = CoreDataService.h; sourceTree = "<group>"; };
		562CB05A1BD5F3FA007A915E /* CoreDataService.swift */ = {isa = PBXFileReference; fileEncoding = 4; lastKnownFileType = sourcecode.swift; path = CoreDataService.swift; sourceTree = "<group>"; };
		562CB05C1BD5F3FA007A915E /* NSEntityDescription_Service.swift */ = {isa = PBXFileReference; fileEncoding = 4; lastKnownFileType = sourcecode.swift; path = NSEntityDescription_Service.swift; sourceTree = "<group>"; };
		562CB05D1BD5F3FA007A915E /* NSFetchRequest_Service.swift */ = {isa = PBXFileReference; fileEncoding = 4; lastKnownFileType = sourcecode.swift; path = NSFetchRequest_Service.swift; sourceTree = "<group>"; };
		562CB0621BD5F3FA007A915E /* NamedEntity.swift */ = {isa = PBXFileReference; fileEncoding = 4; lastKnownFileType = sourcecode.swift; path = NamedEntity.swift; sourceTree = "<group>"; };
		562CB06D1BD5F8AF007A915E /* Model.xcdatamodel */ = {isa = PBXFileReference; lastKnownFileType = wrapper.xcdatamodel; path = Model.xcdatamodel; sourceTree = "<group>"; };
		56EFD0BE1B4FA3110069DB35 /* Assignment4.app */ = {isa = PBXFileReference; explicitFileType = wrapper.application; includeInIndex = 0; path = Assignment4.app; sourceTree = BUILT_PRODUCTS_DIR; };
		56EFD0C21B4FA3110069DB35 /* Info.plist */ = {isa = PBXFileReference; lastKnownFileType = text.plist.xml; path = Info.plist; sourceTree = "<group>"; };
		56EFD0C31B4FA3110069DB35 /* AppDelegate.swift */ = {isa = PBXFileReference; lastKnownFileType = sourcecode.swift; path = AppDelegate.swift; sourceTree = "<group>"; };
		56EFD0C81B4FA3110069DB35 /* Base */ = {isa = PBXFileReference; lastKnownFileType = file.storyboard; name = Base; path = Base.lproj/Main.storyboard; sourceTree = "<group>"; };
		56EFD0CA1B4FA3110069DB35 /* Images.xcassets */ = {isa = PBXFileReference; lastKnownFileType = folder.assetcatalog; path = Images.xcassets; sourceTree = "<group>"; };
		56EFD0CD1B4FA3110069DB35 /* Base */ = {isa = PBXFileReference; lastKnownFileType = file.xib; name = Base; path = Base.lproj/LaunchScreen.xib; sourceTree = "<group>"; };
		56EFD0D31B4FA3120069DB35 /* Assignment4.xctest */ = {isa = PBXFileReference; explicitFileType = wrapper.cfbundle; includeInIndex = 0; path = Assignment4.xctest; sourceTree = BUILT_PRODUCTS_DIR; };
		56EFD0E91B4FA4450069DB35 /* CatService.swift */ = {isa = PBXFileReference; fileEncoding = 4; lastKnownFileType = sourcecode.swift; path = CatService.swift; sourceTree = "<group>"; };
		56EFD0F01B4FB56F0069DB35 /* UITableView_KeyboardNotification.swift */ = {isa = PBXFileReference; fileEncoding = 4; lastKnownFileType = sourcecode.swift; path = UITableView_KeyboardNotification.swift; sourceTree = "<group>"; };
		FA216E8D1D478A9300216DC1 /* Category+CoreDataProperties.swift */ = {isa = PBXFileReference; fileEncoding = 4; lastKnownFileType = sourcecode.swift; name = "Category+CoreDataProperties.swift"; path = "Data/Category+CoreDataProperties.swift"; sourceTree = "<group>"; };
		FA216E8E1D478A9300216DC1 /* Category.swift */ = {isa = PBXFileReference; fileEncoding = 4; lastKnownFileType = sourcecode.swift; name = Category.swift; path = Data/Category.swift; sourceTree = "<group>"; };
		FA216E8F1D478A9300216DC1 /* Image+CoreDataProperties.swift */ = {isa = PBXFileReference; fileEncoding = 4; lastKnownFileType = sourcecode.swift; name = "Image+CoreDataProperties.swift"; path = "Data/Image+CoreDataProperties.swift"; sourceTree = "<group>"; };
		FA216E901D478A9300216DC1 /* Image.swift */ = {isa = PBXFileReference; fileEncoding = 4; lastKnownFileType = sourcecode.swift; name = Image.swift; path = Data/Image.swift; sourceTree = "<group>"; };
		FABF24161D45A841001E1A84 /* CategoryListViewController.swift */ = {isa = PBXFileReference; fileEncoding = 4; lastKnownFileType = sourcecode.swift; name = CategoryListViewController.swift; path = Assignment4/Source/Controller/CategoryListViewController.swift; sourceTree = SOURCE_ROOT; };
		FABF24181D461711001E1A84 /* CatImageViewController.swift */ = {isa = PBXFileReference; fileEncoding = 4; lastKnownFileType = sourcecode.swift; path = CatImageViewController.swift; sourceTree = "<group>"; };
		FABF241C1D4653D2001E1A84 /* CollectionViewCell.swift */ = {isa = PBXFileReference; fileEncoding = 4; lastKnownFileType = sourcecode.swift; path = CollectionViewCell.swift; sourceTree = "<group>"; };
/* End PBXFileReference section */

/* Begin PBXFrameworksBuildPhase section */
		562CB02B1BD5F313007A915E /* Frameworks */ = {
			isa = PBXFrameworksBuildPhase;
			buildActionMask = 2147483647;
			files = (
			);
			runOnlyForDeploymentPostprocessing = 0;
		};
		562CB0451BD5F3C8007A915E /* Frameworks */ = {
			isa = PBXFrameworksBuildPhase;
			buildActionMask = 2147483647;
			files = (
			);
			runOnlyForDeploymentPostprocessing = 0;
		};
		56EFD0BB1B4FA3110069DB35 /* Frameworks */ = {
			isa = PBXFrameworksBuildPhase;
			buildActionMask = 2147483647;
			files = (
				562CB0501BD5F3C9007A915E /* CoreDataService.framework in Frameworks */,
			);
			runOnlyForDeploymentPostprocessing = 0;
		};
		56EFD0D01B4FA3120069DB35 /* Frameworks */ = {
			isa = PBXFrameworksBuildPhase;
			buildActionMask = 2147483647;
			files = (
			);
			runOnlyForDeploymentPostprocessing = 0;
		};
/* End PBXFrameworksBuildPhase section */

/* Begin PBXGroup section */
		562CB02F1BD5F314007A915E /* Assignment4UITests */ = {
			isa = PBXGroup;
			children = (
				562CB03E1BD5F362007A915E /* Resources */,
				562CB0401BD5F362007A915E /* Source */,
			);
			path = Assignment4UITests;
			sourceTree = "<group>";
		};
		562CB0381BD5F336007A915E /* Resources */ = {
			isa = PBXGroup;
			children = (
				562CB0391BD5F336007A915E /* Info.plist */,
			);
			path = Resources;
			sourceTree = "<group>";
		};
		562CB03A1BD5F336007A915E /* Source */ = {
			isa = PBXGroup;
			children = (
				562CB03B1BD5F336007A915E /* Assignment4Tests.swift */,
			);
			path = Source;
			sourceTree = "<group>";
		};
		562CB03E1BD5F362007A915E /* Resources */ = {
			isa = PBXGroup;
			children = (
				562CB03F1BD5F362007A915E /* Info.plist */,
			);
			path = Resources;
			sourceTree = "<group>";
		};
		562CB0401BD5F362007A915E /* Source */ = {
			isa = PBXGroup;
			children = (
				562CB0411BD5F362007A915E /* Assignment4UITests.swift */,
			);
			path = Source;
			sourceTree = "<group>";
		};
		562CB04A1BD5F3C9007A915E /* CoreDataService */ = {
			isa = PBXGroup;
			children = (
				562CB0561BD5F3FA007A915E /* Resources */,
				562CB0581BD5F3FA007A915E /* Source */,
			);
			path = CoreDataService;
			sourceTree = "<group>";
		};
		562CB0561BD5F3FA007A915E /* Resources */ = {
			isa = PBXGroup;
			children = (
				562CB0571BD5F3FA007A915E /* Info.plist */,
			);
			path = Resources;
			sourceTree = "<group>";
		};
		562CB0581BD5F3FA007A915E /* Source */ = {
			isa = PBXGroup;
			children = (
				562CB0591BD5F3FA007A915E /* CoreDataService.h */,
				562CB05A1BD5F3FA007A915E /* CoreDataService.swift */,
				562CB05B1BD5F3FA007A915E /* Extension */,
				562CB05F1BD5F3FA007A915E /* Protocol */,
			);
			path = Source;
			sourceTree = "<group>";
		};
		562CB05B1BD5F3FA007A915E /* Extension */ = {
			isa = PBXGroup;
			children = (
				562CB05C1BD5F3FA007A915E /* NSEntityDescription_Service.swift */,
				562CB05D1BD5F3FA007A915E /* NSFetchRequest_Service.swift */,
			);
			path = Extension;
			sourceTree = "<group>";
		};
		562CB05F1BD5F3FA007A915E /* Protocol */ = {
			isa = PBXGroup;
			children = (
				562CB0621BD5F3FA007A915E /* NamedEntity.swift */,
			);
			path = Protocol;
			sourceTree = "<group>";
		};
		56EFD0B51B4FA3110069DB35 = {
			isa = PBXGroup;
			children = (
				56EFD0C01B4FA3110069DB35 /* Assignment4 */,
				56EFD0D61B4FA3120069DB35 /* Assignment4Tests */,
				562CB02F1BD5F314007A915E /* Assignment4UITests */,
				562CB04A1BD5F3C9007A915E /* CoreDataService */,
				56EFD0BF1B4FA3110069DB35 /* Products */,
			);
			sourceTree = "<group>";
		};
		56EFD0BF1B4FA3110069DB35 /* Products */ = {
			isa = PBXGroup;
			children = (
				56EFD0BE1B4FA3110069DB35 /* Assignment4.app */,
				56EFD0D31B4FA3120069DB35 /* Assignment4.xctest */,
				562CB02E1BD5F313007A915E /* Assignment4UITests.xctest */,
				562CB0491BD5F3C8007A915E /* CoreDataService.framework */,
			);
			name = Products;
			sourceTree = "<group>";
		};
		56EFD0C01B4FA3110069DB35 /* Assignment4 */ = {
			isa = PBXGroup;
			children = (
				56EFD0E41B4FA38E0069DB35 /* Source */,
				56EFD0E31B4FA3720069DB35 /* Resources */,
			);
			path = Assignment4;
			sourceTree = "<group>";
		};
		56EFD0D61B4FA3120069DB35 /* Assignment4Tests */ = {
			isa = PBXGroup;
			children = (
				562CB0381BD5F336007A915E /* Resources */,
				562CB03A1BD5F336007A915E /* Source */,
			);
			path = Assignment4Tests;
			sourceTree = "<group>";
		};
		56EFD0E31B4FA3720069DB35 /* Resources */ = {
			isa = PBXGroup;
			children = (
				562CB0281BD5E46C007A915E /* CatData.plist */,
				56EFD0CA1B4FA3110069DB35 /* Images.xcassets */,
				56EFD0C21B4FA3110069DB35 /* Info.plist */,
				56EFD0CC1B4FA3110069DB35 /* LaunchScreen.xib */,
				56EFD0C71B4FA3110069DB35 /* Main.storyboard */,
			);
			path = Resources;
			sourceTree = "<group>";
		};
		56EFD0E41B4FA38E0069DB35 /* Source */ = {
			isa = PBXGroup;
			children = (
				FABF24281D475E84001E1A84 /* CoreData */,
				56EFD0EF1B4FB53D0069DB35 /* Extension */,
				56EFD0E51B4FA3940069DB35 /* Controller */,
				56EFD0E81B4FA4300069DB35 /* Service */,
				56EFD0F21B4FC0E30069DB35 /* View */,
			);
			path = Source;
			sourceTree = "<group>";
		};
		56EFD0E51B4FA3940069DB35 /* Controller */ = {
			isa = PBXGroup;
			children = (
				56EFD0C31B4FA3110069DB35 /* AppDelegate.swift */,
				FABF24161D45A841001E1A84 /* CategoryListViewController.swift */,
				FABF24181D461711001E1A84 /* CatImageViewController.swift */,
				FABF241C1D4653D2001E1A84 /* CollectionViewCell.swift */,
			);
			path = Controller;
			sourceTree = "<group>";
		};
		56EFD0E81B4FA4300069DB35 /* Service */ = {
			isa = PBXGroup;
			children = (
				56EFD0E91B4FA4450069DB35 /* CatService.swift */,
			);
			path = Service;
			sourceTree = "<group>";
		};
		56EFD0EF1B4FB53D0069DB35 /* Extension */ = {
			isa = PBXGroup;
			children = (
				56EFD0F01B4FB56F0069DB35 /* UITableView_KeyboardNotification.swift */,
			);
			path = Extension;
			sourceTree = "<group>";
		};
		56EFD0F21B4FC0E30069DB35 /* View */ = {
			isa = PBXGroup;
			children = (
			);
			path = View;
			sourceTree = "<group>";
		};
		FABF24281D475E84001E1A84 /* CoreData */ = {
			isa = PBXGroup;
			children = (
				FA216E8D1D478A9300216DC1 /* Category+CoreDataProperties.swift */,
				FA216E8E1D478A9300216DC1 /* Category.swift */,
				FA216E8F1D478A9300216DC1 /* Image+CoreDataProperties.swift */,
				FA216E901D478A9300216DC1 /* Image.swift */,
				562CB06C1BD5F8AF007A915E /* Model.xcdatamodeld */,
			);
			name = CoreData;
			sourceTree = "<group>";
		};
/* End PBXGroup section */

/* Begin PBXHeadersBuildPhase section */
		562CB0461BD5F3C8007A915E /* Headers */ = {
			isa = PBXHeadersBuildPhase;
			buildActionMask = 2147483647;
			files = (
				562CB0641BD5F3FA007A915E /* CoreDataService.h in Headers */,
			);
			runOnlyForDeploymentPostprocessing = 0;
		};
/* End PBXHeadersBuildPhase section */

/* Begin PBXNativeTarget section */
		562CB02D1BD5F313007A915E /* Assignment4UITests */ = {
			isa = PBXNativeTarget;
			buildConfigurationList = 562CB0351BD5F314007A915E /* Build configuration list for PBXNativeTarget "Assignment4UITests" */;
			buildPhases = (
				562CB02A1BD5F313007A915E /* Sources */,
				562CB02B1BD5F313007A915E /* Frameworks */,
				562CB02C1BD5F313007A915E /* Resources */,
			);
			buildRules = (
			);
			dependencies = (
				562CB0341BD5F314007A915E /* PBXTargetDependency */,
			);
			name = Assignment4UITests;
			productName = Assignment4UITests;
			productReference = 562CB02E1BD5F313007A915E /* Assignment4UITests.xctest */;
			productType = "com.apple.product-type.bundle.ui-testing";
		};
		562CB0481BD5F3C8007A915E /* CoreDataService */ = {
			isa = PBXNativeTarget;
			buildConfigurationList = 562CB0521BD5F3C9007A915E /* Build configuration list for PBXNativeTarget "CoreDataService" */;
			buildPhases = (
				562CB0441BD5F3C8007A915E /* Sources */,
				562CB0451BD5F3C8007A915E /* Frameworks */,
				562CB0461BD5F3C8007A915E /* Headers */,
				562CB0471BD5F3C8007A915E /* Resources */,
			);
			buildRules = (
			);
			dependencies = (
			);
			name = CoreDataService;
			productName = CoreDataService;
			productReference = 562CB0491BD5F3C8007A915E /* CoreDataService.framework */;
			productType = "com.apple.product-type.framework";
		};
		56EFD0BD1B4FA3110069DB35 /* Assignment4 */ = {
			isa = PBXNativeTarget;
			buildConfigurationList = 56EFD0DD1B4FA3120069DB35 /* Build configuration list for PBXNativeTarget "Assignment4" */;
			buildPhases = (
				56EFD0BA1B4FA3110069DB35 /* Sources */,
				56EFD0BB1B4FA3110069DB35 /* Frameworks */,
				56EFD0BC1B4FA3110069DB35 /* Resources */,
				562CB0551BD5F3C9007A915E /* Embed Frameworks */,
			);
			buildRules = (
			);
			dependencies = (
				562CB04F1BD5F3C9007A915E /* PBXTargetDependency */,
			);
			name = Assignment4;
			productName = Assignment3;
			productReference = 56EFD0BE1B4FA3110069DB35 /* Assignment4.app */;
			productType = "com.apple.product-type.application";
		};
		56EFD0D21B4FA3120069DB35 /* Assignment4Tests */ = {
			isa = PBXNativeTarget;
			buildConfigurationList = 56EFD0E01B4FA3120069DB35 /* Build configuration list for PBXNativeTarget "Assignment4Tests" */;
			buildPhases = (
				56EFD0CF1B4FA3120069DB35 /* Sources */,
				56EFD0D01B4FA3120069DB35 /* Frameworks */,
				56EFD0D11B4FA3120069DB35 /* Resources */,
			);
			buildRules = (
			);
			dependencies = (
				56EFD0D51B4FA3120069DB35 /* PBXTargetDependency */,
			);
			name = Assignment4Tests;
			productName = Assignment3Tests;
			productReference = 56EFD0D31B4FA3120069DB35 /* Assignment4.xctest */;
			productType = "com.apple.product-type.bundle.unit-test";
		};
/* End PBXNativeTarget section */

/* Begin PBXProject section */
		56EFD0B61B4FA3110069DB35 /* Project object */ = {
			isa = PBXProject;
			attributes = {
				LastSwiftUpdateCheck = 0700;
				LastUpgradeCheck = 0700;
				TargetAttributes = {
					562CB02D1BD5F313007A915E = {
						CreatedOnToolsVersion = 7.0.1;
						TestTargetID = 56EFD0BD1B4FA3110069DB35;
					};
					562CB0481BD5F3C8007A915E = {
						CreatedOnToolsVersion = 7.0.1;
					};
					56EFD0BD1B4FA3110069DB35 = {
						CreatedOnToolsVersion = 6.4;
					};
					56EFD0D21B4FA3120069DB35 = {
						CreatedOnToolsVersion = 6.4;
						TestTargetID = 56EFD0BD1B4FA3110069DB35;
					};
				};
			};
			buildConfigurationList = 56EFD0B91B4FA3110069DB35 /* Build configuration list for PBXProject "Assignment4" */;
			compatibilityVersion = "Xcode 3.2";
			developmentRegion = English;
			hasScannedForEncodings = 0;
			knownRegions = (
				en,
				Base,
			);
			mainGroup = 56EFD0B51B4FA3110069DB35;
			productRefGroup = 56EFD0BF1B4FA3110069DB35 /* Products */;
			projectDirPath = "";
			projectRoot = "";
			targets = (
				56EFD0BD1B4FA3110069DB35 /* Assignment4 */,
				56EFD0D21B4FA3120069DB35 /* Assignment4Tests */,
				562CB02D1BD5F313007A915E /* Assignment4UITests */,
				562CB0481BD5F3C8007A915E /* CoreDataService */,
			);
		};
/* End PBXProject section */

/* Begin PBXResourcesBuildPhase section */
		562CB02C1BD5F313007A915E /* Resources */ = {
			isa = PBXResourcesBuildPhase;
			buildActionMask = 2147483647;
			files = (
			);
			runOnlyForDeploymentPostprocessing = 0;
		};
		562CB0471BD5F3C8007A915E /* Resources */ = {
			isa = PBXResourcesBuildPhase;
			buildActionMask = 2147483647;
			files = (
			);
			runOnlyForDeploymentPostprocessing = 0;
		};
		56EFD0BC1B4FA3110069DB35 /* Resources */ = {
			isa = PBXResourcesBuildPhase;
			buildActionMask = 2147483647;
			files = (
				56EFD0C91B4FA3110069DB35 /* Main.storyboard in Resources */,
				562CB0291BD5E46C007A915E /* CatData.plist in Resources */,
				56EFD0CE1B4FA3110069DB35 /* LaunchScreen.xib in Resources */,
				56EFD0CB1B4FA3110069DB35 /* Images.xcassets in Resources */,
			);
			runOnlyForDeploymentPostprocessing = 0;
		};
		56EFD0D11B4FA3120069DB35 /* Resources */ = {
			isa = PBXResourcesBuildPhase;
			buildActionMask = 2147483647;
			files = (
			);
			runOnlyForDeploymentPostprocessing = 0;
		};
/* End PBXResourcesBuildPhase section */

/* Begin PBXSourcesBuildPhase section */
		562CB02A1BD5F313007A915E /* Sources */ = {
			isa = PBXSourcesBuildPhase;
			buildActionMask = 2147483647;
			files = (
				562CB0431BD5F362007A915E /* Assignment4UITests.swift in Sources */,
			);
			runOnlyForDeploymentPostprocessing = 0;
		};
		562CB0441BD5F3C8007A915E /* Sources */ = {
			isa = PBXSourcesBuildPhase;
			buildActionMask = 2147483647;
			files = (
				562CB0661BD5F3FA007A915E /* NSEntityDescription_Service.swift in Sources */,
				562CB0651BD5F3FA007A915E /* CoreDataService.swift in Sources */,
				562CB0671BD5F3FA007A915E /* NSFetchRequest_Service.swift in Sources */,
				562CB06B1BD5F3FA007A915E /* NamedEntity.swift in Sources */,
			);
			runOnlyForDeploymentPostprocessing = 0;
		};
		56EFD0BA1B4FA3110069DB35 /* Sources */ = {
			isa = PBXSourcesBuildPhase;
			buildActionMask = 2147483647;
			files = (
				FABF24171D45A841001E1A84 /* CategoryListViewController.swift in Sources */,
				FA216E931D478A9300216DC1 /* Image+CoreDataProperties.swift in Sources */,
				FABF24191D461711001E1A84 /* CatImageViewController.swift in Sources */,
				56EFD0EA1B4FA4450069DB35 /* CatService.swift in Sources */,
				FABF241D1D4653D2001E1A84 /* CollectionViewCell.swift in Sources */,
				56EFD0F11B4FB56F0069DB35 /* UITableView_KeyboardNotification.swift in Sources */,
				FA216E921D478A9300216DC1 /* Category.swift in Sources */,
				56EFD0C41B4FA3110069DB35 /* AppDelegate.swift in Sources */,
				562CB06E1BD5F8AF007A915E /* Model.xcdatamodeld in Sources */,
				FA216E941D478A9300216DC1 /* Image.swift in Sources */,
				FA216E911D478A9300216DC1 /* Category+CoreDataProperties.swift in Sources */,
			);
			runOnlyForDeploymentPostprocessing = 0;
		};
		56EFD0CF1B4FA3120069DB35 /* Sources */ = {
			isa = PBXSourcesBuildPhase;
			buildActionMask = 2147483647;
			files = (
				562CB03D1BD5F336007A915E /* Assignment4Tests.swift in Sources */,
			);
			runOnlyForDeploymentPostprocessing = 0;
		};
/* End PBXSourcesBuildPhase section */

/* Begin PBXTargetDependency section */
		562CB0341BD5F314007A915E /* PBXTargetDependency */ = {
			isa = PBXTargetDependency;
			target = 56EFD0BD1B4FA3110069DB35 /* Assignment4 */;
			targetProxy = 562CB0331BD5F314007A915E /* PBXContainerItemProxy */;
		};
		562CB04F1BD5F3C9007A915E /* PBXTargetDependency */ = {
			isa = PBXTargetDependency;
			target = 562CB0481BD5F3C8007A915E /* CoreDataService */;
			targetProxy = 562CB04E1BD5F3C9007A915E /* PBXContainerItemProxy */;
		};
		56EFD0D51B4FA3120069DB35 /* PBXTargetDependency */ = {
			isa = PBXTargetDependency;
			target = 56EFD0BD1B4FA3110069DB35 /* Assignment4 */;
			targetProxy = 56EFD0D41B4FA3120069DB35 /* PBXContainerItemProxy */;
		};
/* End PBXTargetDependency section */

/* Begin PBXVariantGroup section */
		56EFD0C71B4FA3110069DB35 /* Main.storyboard */ = {
			isa = PBXVariantGroup;
			children = (
				56EFD0C81B4FA3110069DB35 /* Base */,
			);
			name = Main.storyboard;
			sourceTree = "<group>";
		};
		56EFD0CC1B4FA3110069DB35 /* LaunchScreen.xib */ = {
			isa = PBXVariantGroup;
			children = (
				56EFD0CD1B4FA3110069DB35 /* Base */,
			);
			name = LaunchScreen.xib;
			sourceTree = "<group>";
		};
/* End PBXVariantGroup section */

/* Begin XCBuildConfiguration section */
		562CB0361BD5F314007A915E /* Debug */ = {
			isa = XCBuildConfiguration;
			buildSettings = {
				DEBUG_INFORMATION_FORMAT = dwarf;
				INFOPLIST_FILE = Assignment4UITests/Info.plist;
				IPHONEOS_DEPLOYMENT_TARGET = 9.0;
				LD_RUNPATH_SEARCH_PATHS = "$(inherited) @executable_path/Frameworks @loader_path/Frameworks";
				PRODUCT_BUNDLE_IDENTIFIER = edu.cis410.Assignment4UITests;
				PRODUCT_NAME = "$(TARGET_NAME)";
				TEST_TARGET_NAME = Assignment4;
				USES_XCTRUNNER = YES;
			};
			name = Debug;
		};
		562CB0371BD5F314007A915E /* Release */ = {
			isa = XCBuildConfiguration;
			buildSettings = {
				INFOPLIST_FILE = Assignment4UITests/Info.plist;
				IPHONEOS_DEPLOYMENT_TARGET = 9.0;
				LD_RUNPATH_SEARCH_PATHS = "$(inherited) @executable_path/Frameworks @loader_path/Frameworks";
				PRODUCT_BUNDLE_IDENTIFIER = edu.cis410.Assignment4UITests;
				PRODUCT_NAME = "$(TARGET_NAME)";
				TEST_TARGET_NAME = Assignment4;
				USES_XCTRUNNER = YES;
			};
			name = Release;
		};
		562CB0531BD5F3C9007A915E /* Debug */ = {
			isa = XCBuildConfiguration;
			buildSettings = {
				CURRENT_PROJECT_VERSION = 1;
				DEBUG_INFORMATION_FORMAT = dwarf;
				DEFINES_MODULE = YES;
				DYLIB_COMPATIBILITY_VERSION = 1;
				DYLIB_CURRENT_VERSION = 1;
				DYLIB_INSTALL_NAME_BASE = "@rpath";
				INFOPLIST_FILE = CoreDataService/Resources/Info.plist;
				INSTALL_PATH = "$(LOCAL_LIBRARY_DIR)/Frameworks";
				IPHONEOS_DEPLOYMENT_TARGET = 9.0;
				LD_RUNPATH_SEARCH_PATHS = "$(inherited) @executable_path/Frameworks @loader_path/Frameworks";
				PRODUCT_BUNDLE_IDENTIFIER = edu.cis410.CoreDataService;
				PRODUCT_NAME = "$(TARGET_NAME)";
				SKIP_INSTALL = YES;
				TARGETED_DEVICE_FAMILY = "1,2";
				VERSIONING_SYSTEM = "apple-generic";
				VERSION_INFO_PREFIX = "";
			};
			name = Debug;
		};
		562CB0541BD5F3C9007A915E /* Release */ = {
			isa = XCBuildConfiguration;
			buildSettings = {
				CURRENT_PROJECT_VERSION = 1;
				DEFINES_MODULE = YES;
				DYLIB_COMPATIBILITY_VERSION = 1;
				DYLIB_CURRENT_VERSION = 1;
				DYLIB_INSTALL_NAME_BASE = "@rpath";
				INFOPLIST_FILE = CoreDataService/Resources/Info.plist;
				INSTALL_PATH = "$(LOCAL_LIBRARY_DIR)/Frameworks";
				IPHONEOS_DEPLOYMENT_TARGET = 9.0;
				LD_RUNPATH_SEARCH_PATHS = "$(inherited) @executable_path/Frameworks @loader_path/Frameworks";
				PRODUCT_BUNDLE_IDENTIFIER = edu.cis410.CoreDataService;
				PRODUCT_NAME = "$(TARGET_NAME)";
				SKIP_INSTALL = YES;
				TARGETED_DEVICE_FAMILY = "1,2";
				VERSIONING_SYSTEM = "apple-generic";
				VERSION_INFO_PREFIX = "";
			};
			name = Release;
		};
		56EFD0DB1B4FA3120069DB35 /* Debug */ = {
			isa = XCBuildConfiguration;
			buildSettings = {
				ALWAYS_SEARCH_USER_PATHS = NO;
				CLANG_CXX_LANGUAGE_STANDARD = "gnu++0x";
				CLANG_CXX_LIBRARY = "libc++";
				CLANG_ENABLE_MODULES = YES;
				CLANG_ENABLE_OBJC_ARC = YES;
				CLANG_WARN_BOOL_CONVERSION = YES;
				CLANG_WARN_CONSTANT_CONVERSION = YES;
				CLANG_WARN_DIRECT_OBJC_ISA_USAGE = YES_ERROR;
				CLANG_WARN_EMPTY_BODY = YES;
				CLANG_WARN_ENUM_CONVERSION = YES;
				CLANG_WARN_INT_CONVERSION = YES;
				CLANG_WARN_OBJC_ROOT_CLASS = YES_ERROR;
				CLANG_WARN_UNREACHABLE_CODE = YES;
				CLANG_WARN__DUPLICATE_METHOD_MATCH = YES;
				"CODE_SIGN_IDENTITY[sdk=iphoneos*]" = "iPhone Developer";
				COPY_PHASE_STRIP = NO;
				DEBUG_INFORMATION_FORMAT = "dwarf-with-dsym";
				ENABLE_STRICT_OBJC_MSGSEND = YES;
				ENABLE_TESTABILITY = YES;
				GCC_C_LANGUAGE_STANDARD = gnu99;
				GCC_DYNAMIC_NO_PIC = NO;
				GCC_NO_COMMON_BLOCKS = YES;
				GCC_OPTIMIZATION_LEVEL = 0;
				GCC_PREPROCESSOR_DEFINITIONS = (
					"DEBUG=1",
					"$(inherited)",
				);
				GCC_SYMBOLS_PRIVATE_EXTERN = NO;
				GCC_WARN_64_TO_32_BIT_CONVERSION = YES;
				GCC_WARN_ABOUT_RETURN_TYPE = YES_ERROR;
				GCC_WARN_UNDECLARED_SELECTOR = YES;
				GCC_WARN_UNINITIALIZED_AUTOS = YES_AGGRESSIVE;
				GCC_WARN_UNUSED_FUNCTION = YES;
				GCC_WARN_UNUSED_VARIABLE = YES;
				IPHONEOS_DEPLOYMENT_TARGET = 9.0;
				MTL_ENABLE_DEBUG_INFO = YES;
				ONLY_ACTIVE_ARCH = YES;
				SDKROOT = iphoneos;
				SWIFT_OPTIMIZATION_LEVEL = "-Onone";
			};
			name = Debug;
		};
		56EFD0DC1B4FA3120069DB35 /* Release */ = {
			isa = XCBuildConfiguration;
			buildSettings = {
				ALWAYS_SEARCH_USER_PATHS = NO;
				CLANG_CXX_LANGUAGE_STANDARD = "gnu++0x";
				CLANG_CXX_LIBRARY = "libc++";
				CLANG_ENABLE_MODULES = YES;
				CLANG_ENABLE_OBJC_ARC = YES;
				CLANG_WARN_BOOL_CONVERSION = YES;
				CLANG_WARN_CONSTANT_CONVERSION = YES;
				CLANG_WARN_DIRECT_OBJC_ISA_USAGE = YES_ERROR;
				CLANG_WARN_EMPTY_BODY = YES;
				CLANG_WARN_ENUM_CONVERSION = YES;
				CLANG_WARN_INT_CONVERSION = YES;
				CLANG_WARN_OBJC_ROOT_CLASS = YES_ERROR;
				CLANG_WARN_UNREACHABLE_CODE = YES;
				CLANG_WARN__DUPLICATE_METHOD_MATCH = YES;
				"CODE_SIGN_IDENTITY[sdk=iphoneos*]" = "iPhone Developer";
				COPY_PHASE_STRIP = NO;
				DEBUG_INFORMATION_FORMAT = "dwarf-with-dsym";
				ENABLE_NS_ASSERTIONS = NO;
				ENABLE_STRICT_OBJC_MSGSEND = YES;
				GCC_C_LANGUAGE_STANDARD = gnu99;
				GCC_NO_COMMON_BLOCKS = YES;
				GCC_WARN_64_TO_32_BIT_CONVERSION = YES;
				GCC_WARN_ABOUT_RETURN_TYPE = YES_ERROR;
				GCC_WARN_UNDECLARED_SELECTOR = YES;
				GCC_WARN_UNINITIALIZED_AUTOS = YES_AGGRESSIVE;
				GCC_WARN_UNUSED_FUNCTION = YES;
				GCC_WARN_UNUSED_VARIABLE = YES;
				IPHONEOS_DEPLOYMENT_TARGET = 9.0;
				MTL_ENABLE_DEBUG_INFO = NO;
				SDKROOT = iphoneos;
				VALIDATE_PRODUCT = YES;
			};
			name = Release;
		};
		56EFD0DE1B4FA3120069DB35 /* Debug */ = {
			isa = XCBuildConfiguration;
			buildSettings = {
				ASSETCATALOG_COMPILER_APPICON_NAME = AppIcon;
				EMBEDDED_CONTENT_CONTAINS_SWIFT = YES;
				INFOPLIST_FILE = Assignment4/Resources/Info.plist;
				LD_RUNPATH_SEARCH_PATHS = "$(inherited) @executable_path/Frameworks";
				PRODUCT_BUNDLE_IDENTIFIER = "edu.iosdev.$(PRODUCT_NAME:rfc1034identifier)";
				PRODUCT_NAME = Assignment4;
			};
			name = Debug;
		};
		56EFD0DF1B4FA3120069DB35 /* Release */ = {
			isa = XCBuildConfiguration;
			buildSettings = {
				ASSETCATALOG_COMPILER_APPICON_NAME = AppIcon;
				EMBEDDED_CONTENT_CONTAINS_SWIFT = YES;
				INFOPLIST_FILE = Assignment4/Resources/Info.plist;
				LD_RUNPATH_SEARCH_PATHS = "$(inherited) @executable_path/Frameworks";
				PRODUCT_BUNDLE_IDENTIFIER = "edu.iosdev.$(PRODUCT_NAME:rfc1034identifier)";
				PRODUCT_NAME = Assignment4;
			};
			name = Release;
		};
		56EFD0E11B4FA3120069DB35 /* Debug */ = {
			isa = XCBuildConfiguration;
			buildSettings = {
				BUNDLE_LOADER = "$(TEST_HOST)";
				GCC_PREPROCESSOR_DEFINITIONS = (
					"DEBUG=1",
					"$(inherited)",
				);
				INFOPLIST_FILE = Assignment4Tests/Resources/Info.plist;
				LD_RUNPATH_SEARCH_PATHS = "$(inherited) @executable_path/Frameworks @loader_path/Frameworks";
				PRODUCT_BUNDLE_IDENTIFIER = "edu.iosdev.$(PRODUCT_NAME:rfc1034identifier)";
				PRODUCT_NAME = Assignment4;
				TEST_HOST = "$(BUILT_PRODUCTS_DIR)/Assignment4.app/Assignment4";
			};
			name = Debug;
		};
		56EFD0E21B4FA3120069DB35 /* Release */ = {
			isa = XCBuildConfiguration;
			buildSettings = {
				BUNDLE_LOADER = "$(TEST_HOST)";
				INFOPLIST_FILE = Assignment4Tests/Resources/Info.plist;
				LD_RUNPATH_SEARCH_PATHS = "$(inherited) @executable_path/Frameworks @loader_path/Frameworks";
				PRODUCT_BUNDLE_IDENTIFIER = "edu.iosdev.$(PRODUCT_NAME:rfc1034identifier)";
				PRODUCT_NAME = Assignment4;
				TEST_HOST = "$(BUILT_PRODUCTS_DIR)/Assignment4.app/Assignment4";
			};
			name = Release;
		};
/* End XCBuildConfiguration section */

/* Begin XCConfigurationList section */
		562CB0351BD5F314007A915E /* Build configuration list for PBXNativeTarget "Assignment4UITests" */ = {
			isa = XCConfigurationList;
			buildConfigurations = (
				562CB0361BD5F314007A915E /* Debug */,
				562CB0371BD5F314007A915E /* Release */,
			);
			defaultConfigurationIsVisible = 0;
			defaultConfigurationName = Release;
		};
		562CB0521BD5F3C9007A915E /* Build configuration list for PBXNativeTarget "CoreDataService" */ = {
			isa = XCConfigurationList;
			buildConfigurations = (
				562CB0531BD5F3C9007A915E /* Debug */,
				562CB0541BD5F3C9007A915E /* Release */,
			);
			defaultConfigurationIsVisible = 0;
			defaultConfigurationName = Release;
		};
		56EFD0B91B4FA3110069DB35 /* Build configuration list for PBXProject "Assignment4" */ = {
			isa = XCConfigurationList;
			buildConfigurations = (
				56EFD0DB1B4FA3120069DB35 /* Debug */,
				56EFD0DC1B4FA3120069DB35 /* Release */,
			);
			defaultConfigurationIsVisible = 0;
			defaultConfigurationName = Release;
		};
		56EFD0DD1B4FA3120069DB35 /* Build configuration list for PBXNativeTarget "Assignment4" */ = {
			isa = XCConfigurationList;
			buildConfigurations = (
				56EFD0DE1B4FA3120069DB35 /* Debug */,
				56EFD0DF1B4FA3120069DB35 /* Release */,
			);
			defaultConfigurationIsVisible = 0;
			defaultConfigurationName = Release;
		};
		56EFD0E01B4FA3120069DB35 /* Build configuration list for PBXNativeTarget "Assignment4Tests" */ = {
			isa = XCConfigurationList;
			buildConfigurations = (
				56EFD0E11B4FA3120069DB35 /* Debug */,
				56EFD0E21B4FA3120069DB35 /* Release */,
			);
			defaultConfigurationIsVisible = 0;
			defaultConfigurationName = Release;
		};
/* End XCConfigurationList section */

/* Begin XCVersionGroup section */
		562CB06C1BD5F8AF007A915E /* Model.xcdatamodeld */ = {
			isa = XCVersionGroup;
			children = (
				562CB06D1BD5F8AF007A915E /* Model.xcdatamodel */,
			);
			currentVersion = 562CB06D1BD5F8AF007A915E /* Model.xcdatamodel */;
			name = Model.xcdatamodeld;
			path = ../Resources/Model.xcdatamodeld;
			sourceTree = "<group>";
			versionGroupType = wrapper.xcdatamodel;
		};
/* End XCVersionGroup section */
	};
	rootObject = 56EFD0B61B4FA3110069DB35 /* Project object */;
}
